
Microsoft Visual Studio Solution File, Format Version 12.00
# Visual Studio Version 16
VisualStudioVersion = 16.0.30503.244
MinimumVisualStudioVersion = 10.0.40219.1
Project("{FAE04EC0-301F-11D3-BF4B-00C04F79EFBC}") = "Xay dung class Student", "Xay dung class Student\Xay dung class Student.csproj", "{CF0FD65D-5363-404E-B7DA-6AAC81E5B636}"
EndProject
Global
	GlobalSection(SolutionConfigurationPlatforms) = preSolution
		Debug|Any CPU = Debug|Any CPU
		Release|Any CPU = Release|Any CPU
	EndGlobalSection
	GlobalSection(ProjectConfigurationPlatforms) = postSolution
		{CF0FD65D-5363-404E-B7DA-6AAC81E5B636}.Debug|Any CPU.ActiveCfg = Debug|Any CPU
		{CF0FD65D-5363-404E-B7DA-6AAC81E5B636}.Debug|Any CPU.Build.0 = Debug|Any CPU
		{CF0FD65D-5363-404E-B7DA-6AAC81E5B636}.Release|Any CPU.ActiveCfg = Release|Any CPU
		{CF0FD65D-5363-404E-B7DA-6AAC81E5B636}.Release|Any CPU.Build.0 = Release|Any CPU
	EndGlobalSection
	GlobalSection(SolutionProperties) = preSolution
		HideSolutionNode = FALSE
	EndGlobalSection
	GlobalSection(ExtensibilityGlobals) = postSolution
		SolutionGuid = {04BEE0F0-EFA6-40B1-BCC3-C8E21DC8FB2E}
	EndGlobalSection
EndGlobal
